// !$*UTF8*$!
{
	archiveVersion = 1;
	classes = {
	};
	objectVersion = 46;
	objects = {

/* Begin PBXBuildFile section */
		29C47E971AE2FAD200AAA4BF /* JFRWebSocketSpec.m in Sources */ = {isa = PBXBuildFile; fileRef = 29C47E961AE2FAD200AAA4BF /* JFRWebSocketSpec.m */; };
		6B22F5CB1A9D94C80052A037 /* main.m in Sources */ = {isa = PBXBuildFile; fileRef = 6B22F5CA1A9D94C80052A037 /* main.m */; };
		6B22F5CE1A9D94C80052A037 /* AppDelegate.m in Sources */ = {isa = PBXBuildFile; fileRef = 6B22F5CD1A9D94C80052A037 /* AppDelegate.m */; };
		6B22F5D11A9D94C80052A037 /* ViewController.m in Sources */ = {isa = PBXBuildFile; fileRef = 6B22F5D01A9D94C80052A037 /* ViewController.m */; };
		6B22F5D41A9D94C80052A037 /* Main.storyboard in Resources */ = {isa = PBXBuildFile; fileRef = 6B22F5D21A9D94C80052A037 /* Main.storyboard */; };
		6B22F5D61A9D94C80052A037 /* Images.xcassets in Resources */ = {isa = PBXBuildFile; fileRef = 6B22F5D51A9D94C80052A037 /* Images.xcassets */; };
		6B22F5D91A9D94C80052A037 /* LaunchScreen.xib in Resources */ = {isa = PBXBuildFile; fileRef = 6B22F5D71A9D94C80052A037 /* LaunchScreen.xib */; };
		6B22F5F11A9D967D0052A037 /* JFRWebSocket.m in Sources */ = {isa = PBXBuildFile; fileRef = 6B22F5F01A9D967D0052A037 /* JFRWebSocket.m */; };
		EB8C6F48C5541B7391D95A9B /* libPods-SimpleTestTests.a in Frameworks */ = {isa = PBXBuildFile; fileRef = C62ED8B68048B09693D93A28 /* libPods-SimpleTestTests.a */; };
/* End PBXBuildFile section */

/* Begin PBXContainerItemProxy section */
		29C47E911AE2F91C00AAA4BF /* PBXContainerItemProxy */ = {
			isa = PBXContainerItemProxy;
			containerPortal = 6B22F5BD1A9D94C80052A037 /* Project object */;
			proxyType = 1;
			remoteGlobalIDString = 6B22F5C41A9D94C80052A037;
			remoteInfo = SimpleTest;
		};
/* End PBXContainerItemProxy section */

/* Begin PBXFileReference section */
		29C47E8B1AE2F91C00AAA4BF /* SimpleTestTests.xctest */ = {isa = PBXFileReference; explicitFileType = wrapper.cfbundle; includeInIndex = 0; path = SimpleTestTests.xctest; sourceTree = BUILT_PRODUCTS_DIR; };
		29C47E8E1AE2F91C00AAA4BF /* Info.plist */ = {isa = PBXFileReference; lastKnownFileType = text.plist.xml; path = Info.plist; sourceTree = "<group>"; };
		29C47E961AE2FAD200AAA4BF /* JFRWebSocketSpec.m */ = {isa = PBXFileReference; fileEncoding = 4; lastKnownFileType = sourcecode.c.objc; path = JFRWebSocketSpec.m; sourceTree = "<group>"; };
		6B22F5C51A9D94C80052A037 /* SimpleTest.app */ = {isa = PBXFileReference; explicitFileType = wrapper.application; includeInIndex = 0; path = SimpleTest.app; sourceTree = BUILT_PRODUCTS_DIR; };
		6B22F5C91A9D94C80052A037 /* Info.plist */ = {isa = PBXFileReference; lastKnownFileType = text.plist.xml; path = Info.plist; sourceTree = "<group>"; };
		6B22F5CA1A9D94C80052A037 /* main.m */ = {isa = PBXFileReference; lastKnownFileType = sourcecode.c.objc; path = main.m; sourceTree = "<group>"; };
		6B22F5CC1A9D94C80052A037 /* AppDelegate.h */ = {isa = PBXFileReference; lastKnownFileType = sourcecode.c.h; path = AppDelegate.h; sourceTree = "<group>"; };
		6B22F5CD1A9D94C80052A037 /* AppDelegate.m */ = {isa = PBXFileReference; lastKnownFileType = sourcecode.c.objc; path = AppDelegate.m; sourceTree = "<group>"; };
		6B22F5CF1A9D94C80052A037 /* ViewController.h */ = {isa = PBXFileReference; lastKnownFileType = sourcecode.c.h; path = ViewController.h; sourceTree = "<group>"; };
		6B22F5D01A9D94C80052A037 /* ViewController.m */ = {isa = PBXFileReference; lastKnownFileType = sourcecode.c.objc; path = ViewController.m; sourceTree = "<group>"; };
		6B22F5D31A9D94C80052A037 /* Base */ = {isa = PBXFileReference; lastKnownFileType = file.storyboard; name = Base; path = Base.lproj/Main.storyboard; sourceTree = "<group>"; };
		6B22F5D51A9D94C80052A037 /* Images.xcassets */ = {isa = PBXFileReference; lastKnownFileType = folder.assetcatalog; path = Images.xcassets; sourceTree = "<group>"; };
		6B22F5D81A9D94C80052A037 /* Base */ = {isa = PBXFileReference; lastKnownFileType = file.xib; name = Base; path = Base.lproj/LaunchScreen.xib; sourceTree = "<group>"; };
		6B22F5EF1A9D967D0052A037 /* JFRWebSocket.h */ = {isa = PBXFileReference; fileEncoding = 4; lastKnownFileType = sourcecode.c.h; name = JFRWebSocket.h; path = ../../JFRWebSocket.h; sourceTree = "<group>"; };
		6B22F5F01A9D967D0052A037 /* JFRWebSocket.m */ = {isa = PBXFileReference; fileEncoding = 4; lastKnownFileType = sourcecode.c.objc; name = JFRWebSocket.m; path = ../../JFRWebSocket.m; sourceTree = "<group>"; };
		C62ED8B68048B09693D93A28 /* libPods-SimpleTestTests.a */ = {isa = PBXFileReference; explicitFileType = archive.ar; includeInIndex = 0; path = "libPods-SimpleTestTests.a"; sourceTree = BUILT_PRODUCTS_DIR; };
		C7158B44BD33E1AB64145BBB /* Pods-SimpleTestTests.release.xcconfig */ = {isa = PBXFileReference; includeInIndex = 1; lastKnownFileType = text.xcconfig; name = "Pods-SimpleTestTests.release.xcconfig"; path = "Pods/Target Support Files/Pods-SimpleTestTests/Pods-SimpleTestTests.release.xcconfig"; sourceTree = "<group>"; };
		FB84B643ED02F94866544274 /* Pods-SimpleTestTests.debug.xcconfig */ = {isa = PBXFileReference; includeInIndex = 1; lastKnownFileType = text.xcconfig; name = "Pods-SimpleTestTests.debug.xcconfig"; path = "Pods/Target Support Files/Pods-SimpleTestTests/Pods-SimpleTestTests.debug.xcconfig"; sourceTree = "<group>"; };
/* End PBXFileReference section */

/* Begin PBXFrameworksBuildPhase section */
		29C47E881AE2F91C00AAA4BF /* Frameworks */ = {
			isa = PBXFrameworksBuildPhase;
			buildActionMask = 2147483647;
			files = (
				EB8C6F48C5541B7391D95A9B /* libPods-SimpleTestTests.a in Frameworks */,
			);
			runOnlyForDeploymentPostprocessing = 0;
		};
		6B22F5C21A9D94C80052A037 /* Frameworks */ = {
			isa = PBXFrameworksBuildPhase;
			buildActionMask = 2147483647;
			files = (
			);
			runOnlyForDeploymentPostprocessing = 0;
		};
/* End PBXFrameworksBuildPhase section */

/* Begin PBXGroup section */
		29C47E8C1AE2F91C00AAA4BF /* SimpleTestTests */ = {
			isa = PBXGroup;
			children = (
				29C47E8D1AE2F91C00AAA4BF /* Supporting Files */,
				29C47E961AE2FAD200AAA4BF /* JFRWebSocketSpec.m */,
			);
			path = SimpleTestTests;
			sourceTree = "<group>";
		};
		29C47E8D1AE2F91C00AAA4BF /* Supporting Files */ = {
			isa = PBXGroup;
			children = (
				29C47E8E1AE2F91C00AAA4BF /* Info.plist */,
			);
			name = "Supporting Files";
			sourceTree = "<group>";
		};
		2B92B5B1287D0D032FE8ED54 /* Frameworks */ = {
			isa = PBXGroup;
			children = (
				C62ED8B68048B09693D93A28 /* libPods-SimpleTestTests.a */,
			);
			name = Frameworks;
			sourceTree = "<group>";
		};
		6B22F5BC1A9D94C80052A037 = {
			isa = PBXGroup;
			children = (
				6B22F5C71A9D94C80052A037 /* SimpleTest */,
				29C47E8C1AE2F91C00AAA4BF /* SimpleTestTests */,
				6B22F5C61A9D94C80052A037 /* Products */,
				FC923D258B390C2A78F2C86A /* Pods */,
				2B92B5B1287D0D032FE8ED54 /* Frameworks */,
			);
			sourceTree = "<group>";
		};
		6B22F5C61A9D94C80052A037 /* Products */ = {
			isa = PBXGroup;
			children = (
				6B22F5C51A9D94C80052A037 /* SimpleTest.app */,
				29C47E8B1AE2F91C00AAA4BF /* SimpleTestTests.xctest */,
			);
			name = Products;
			sourceTree = "<group>";
		};
		6B22F5C71A9D94C80052A037 /* SimpleTest */ = {
			isa = PBXGroup;
			children = (
				6B22F5EF1A9D967D0052A037 /* JFRWebSocket.h */,
				6B22F5F01A9D967D0052A037 /* JFRWebSocket.m */,
				6B22F5CC1A9D94C80052A037 /* AppDelegate.h */,
				6B22F5CD1A9D94C80052A037 /* AppDelegate.m */,
				6B22F5CF1A9D94C80052A037 /* ViewController.h */,
				6B22F5D01A9D94C80052A037 /* ViewController.m */,
				6B22F5D21A9D94C80052A037 /* Main.storyboard */,
				6B22F5D51A9D94C80052A037 /* Images.xcassets */,
				6B22F5D71A9D94C80052A037 /* LaunchScreen.xib */,
				6B22F5C81A9D94C80052A037 /* Supporting Files */,
			);
			path = SimpleTest;
			sourceTree = "<group>";
		};
		6B22F5C81A9D94C80052A037 /* Supporting Files */ = {
			isa = PBXGroup;
			children = (
				6B22F5C91A9D94C80052A037 /* Info.plist */,
				6B22F5CA1A9D94C80052A037 /* main.m */,
			);
			name = "Supporting Files";
			sourceTree = "<group>";
		};
		FC923D258B390C2A78F2C86A /* Pods */ = {
			isa = PBXGroup;
			children = (
				FB84B643ED02F94866544274 /* Pods-SimpleTestTests.debug.xcconfig */,
				C7158B44BD33E1AB64145BBB /* Pods-SimpleTestTests.release.xcconfig */,
			);
			name = Pods;
			sourceTree = "<group>";
		};
/* End PBXGroup section */

/* Begin PBXNativeTarget section */
		29C47E8A1AE2F91C00AAA4BF /* SimpleTestTests */ = {
			isa = PBXNativeTarget;
			buildConfigurationList = 29C47E931AE2F91C00AAA4BF /* Build configuration list for PBXNativeTarget "SimpleTestTests" */;
			buildPhases = (
				02497D4BD39E369D113E6630 /* Check Pods Manifest.lock */,
				29C47E871AE2F91C00AAA4BF /* Sources */,
				29C47E881AE2F91C00AAA4BF /* Frameworks */,
				29C47E891AE2F91C00AAA4BF /* Resources */,
				5691B5F45419ACAB9F392B67 /* Copy Pods Resources */,
			);
			buildRules = (
			);
			dependencies = (
				29C47E921AE2F91C00AAA4BF /* PBXTargetDependency */,
			);
			name = SimpleTestTests;
			productName = SimpleTestTests;
			productReference = 29C47E8B1AE2F91C00AAA4BF /* SimpleTestTests.xctest */;
			productType = "com.apple.product-type.bundle.unit-test";
		};
		6B22F5C41A9D94C80052A037 /* SimpleTest */ = {
			isa = PBXNativeTarget;
			buildConfigurationList = 6B22F5E81A9D94C80052A037 /* Build configuration list for PBXNativeTarget "SimpleTest" */;
			buildPhases = (
				6B22F5C11A9D94C80052A037 /* Sources */,
				6B22F5C21A9D94C80052A037 /* Frameworks */,
				6B22F5C31A9D94C80052A037 /* Resources */,
			);
			buildRules = (
			);
			dependencies = (
			);
			name = SimpleTest;
			productName = SimpleTest;
			productReference = 6B22F5C51A9D94C80052A037 /* SimpleTest.app */;
			productType = "com.apple.product-type.application";
		};
/* End PBXNativeTarget section */

/* Begin PBXProject section */
		6B22F5BD1A9D94C80052A037 /* Project object */ = {
			isa = PBXProject;
			attributes = {
				LastUpgradeCheck = 0610;
				ORGANIZATIONNAME = Vluxe;
				TargetAttributes = {
					29C47E8A1AE2F91C00AAA4BF = {
						CreatedOnToolsVersion = 6.2;
						TestTargetID = 6B22F5C41A9D94C80052A037;
					};
					6B22F5C41A9D94C80052A037 = {
						CreatedOnToolsVersion = 6.1;
					};
				};
			};
			buildConfigurationList = 6B22F5C01A9D94C80052A037 /* Build configuration list for PBXProject "SimpleTest" */;
			compatibilityVersion = "Xcode 3.2";
			developmentRegion = English;
			hasScannedForEncodings = 0;
			knownRegions = (
				en,
				Base,
			);
			mainGroup = 6B22F5BC1A9D94C80052A037;
			productRefGroup = 6B22F5C61A9D94C80052A037 /* Products */;
			projectDirPath = "";
			projectRoot = "";
			targets = (
				6B22F5C41A9D94C80052A037 /* SimpleTest */,
				29C47E8A1AE2F91C00AAA4BF /* SimpleTestTests */,
			);
		};
/* End PBXProject section */

/* Begin PBXResourcesBuildPhase section */
		29C47E891AE2F91C00AAA4BF /* Resources */ = {
			isa = PBXResourcesBuildPhase;
			buildActionMask = 2147483647;
			files = (
			);
			runOnlyForDeploymentPostprocessing = 0;
		};
		6B22F5C31A9D94C80052A037 /* Resources */ = {
			isa = PBXResourcesBuildPhase;
			buildActionMask = 2147483647;
			files = (
				6B22F5D41A9D94C80052A037 /* Main.storyboard in Resources */,
				6B22F5D91A9D94C80052A037 /* LaunchScreen.xib in Resources */,
				6B22F5D61A9D94C80052A037 /* Images.xcassets in Resources */,
			);
			runOnlyForDeploymentPostprocessing = 0;
		};
/* End PBXResourcesBuildPhase section */

/* Begin PBXShellScriptBuildPhase section */
		02497D4BD39E369D113E6630 /* Check Pods Manifest.lock */ = {
			isa = PBXShellScriptBuildPhase;
			buildActionMask = 2147483647;
			files = (
			);
			inputPaths = (
			);
			name = "Check Pods Manifest.lock";
			outputPaths = (
			);
			runOnlyForDeploymentPostprocessing = 0;
			shellPath = /bin/sh;
			shellScript = "diff \"${PODS_ROOT}/../Podfile.lock\" \"${PODS_ROOT}/Manifest.lock\" > /dev/null\nif [[ $? != 0 ]] ; then\n    cat << EOM\nerror: The sandbox is not in sync with the Podfile.lock. Run 'pod install' or update your CocoaPods installation.\nEOM\n    exit 1\nfi\n";
			showEnvVarsInLog = 0;
		};
		5691B5F45419ACAB9F392B67 /* Copy Pods Resources */ = {
			isa = PBXShellScriptBuildPhase;
			buildActionMask = 2147483647;
			files = (
			);
			inputPaths = (
			);
			name = "Copy Pods Resources";
			outputPaths = (
			);
			runOnlyForDeploymentPostprocessing = 0;
			shellPath = /bin/sh;
			shellScript = "\"${SRCROOT}/Pods/Target Support Files/Pods-SimpleTestTests/Pods-SimpleTestTests-resources.sh\"\n";
			showEnvVarsInLog = 0;
		};
/* End PBXShellScriptBuildPhase section */

/* Begin PBXSourcesBuildPhase section */
		29C47E871AE2F91C00AAA4BF /* Sources */ = {
			isa = PBXSourcesBuildPhase;
			buildActionMask = 2147483647;
			files = (
				29C47E971AE2FAD200AAA4BF /* JFRWebSocketSpec.m in Sources */,
			);
			runOnlyForDeploymentPostprocessing = 0;
		};
		6B22F5C11A9D94C80052A037 /* Sources */ = {
			isa = PBXSourcesBuildPhase;
			buildActionMask = 2147483647;
			files = (
				6B22F5D11A9D94C80052A037 /* ViewController.m in Sources */,
				6B22F5CE1A9D94C80052A037 /* AppDelegate.m in Sources */,
				6B22F5F11A9D967D0052A037 /* JFRWebSocket.m in Sources */,
				6B22F5CB1A9D94C80052A037 /* main.m in Sources */,
			);
			runOnlyForDeploymentPostprocessing = 0;
		};
/* End PBXSourcesBuildPhase section */

/* Begin PBXTargetDependency section */
		29C47E921AE2F91C00AAA4BF /* PBXTargetDependency */ = {
			isa = PBXTargetDependency;
			target = 6B22F5C41A9D94C80052A037 /* SimpleTest */;
			targetProxy = 29C47E911AE2F91C00AAA4BF /* PBXContainerItemProxy */;
		};
/* End PBXTargetDependency section */

/* Begin PBXVariantGroup section */
		6B22F5D21A9D94C80052A037 /* Main.storyboard */ = {
			isa = PBXVariantGroup;
			children = (
				6B22F5D31A9D94C80052A037 /* Base */,
			);
			name = Main.storyboard;
			sourceTree = "<group>";
		};
		6B22F5D71A9D94C80052A037 /* LaunchScreen.xib */ = {
			isa = PBXVariantGroup;
			children = (
				6B22F5D81A9D94C80052A037 /* Base */,
			);
			name = LaunchScreen.xib;
			sourceTree = "<group>";
		};
/* End PBXVariantGroup section */

/* Begin XCBuildConfiguration section */
		29C47E941AE2F91C00AAA4BF /* Debug */ = {
			isa = XCBuildConfiguration;
			baseConfigurationReference = FB84B643ED02F94866544274 /* Pods-SimpleTestTests.debug.xcconfig */;
			buildSettings = {
				BUNDLE_LOADER = "$(TEST_HOST)";
				FRAMEWORK_SEARCH_PATHS = (
					"$(SDKROOT)/Developer/Library/Frameworks",
					"$(inherited)",
				);
				GCC_PREPROCESSOR_DEFINITIONS = (
					"DEBUG=1",
					"$(inherited)",
				);
				INFOPLIST_FILE = SimpleTestTests/Info.plist;
				IPHONEOS_DEPLOYMENT_TARGET = 8.2;
				LD_RUNPATH_SEARCH_PATHS = "$(inherited) @executable_path/Frameworks @loader_path/Frameworks";
				PRODUCT_NAME = "$(TARGET_NAME)";
				TEST_HOST = "$(BUILT_PRODUCTS_DIR)/SimpleTest.app/SimpleTest";
			};
			name = Debug;
		};
		29C47E951AE2F91C00AAA4BF /* Release */ = {
			isa = XCBuildConfiguration;
			baseConfigurationReference = C7158B44BD33E1AB64145BBB /* Pods-SimpleTestTests.release.xcconfig */;
			buildSettings = {
				BUNDLE_LOADER = "$(TEST_HOST)";
				COPY_PHASE_STRIP = NO;
				FRAMEWORK_SEARCH_PATHS = (
					"$(SDKROOT)/Developer/Library/Frameworks",
					"$(inherited)",
				);
				INFOPLIST_FILE = SimpleTestTests/Info.plist;
				IPHONEOS_DEPLOYMENT_TARGET = 8.2;
				LD_RUNPATH_SEARCH_PATHS = "$(inherited) @executable_path/Frameworks @loader_path/Frameworks";
				PRODUCT_NAME = "$(TARGET_NAME)";
				TEST_HOST = "$(BUILT_PRODUCTS_DIR)/SimpleTest.app/SimpleTest";
			};
			name = Release;
		};
		6B22F5E61A9D94C80052A037 /* Debug */ = {
			isa = XCBuildConfiguration;
			buildSettings = {
				ALWAYS_SEARCH_USER_PATHS = NO;
				CLANG_CXX_LANGUAGE_STANDARD = "gnu++0x";
				CLANG_CXX_LIBRARY = "libc++";
				CLANG_ENABLE_MODULES = YES;
				CLANG_ENABLE_OBJC_ARC = YES;
				CLANG_WARN_BOOL_CONVERSION = YES;
				CLANG_WARN_CONSTANT_CONVERSION = YES;
				CLANG_WARN_DIRECT_OBJC_ISA_USAGE = YES_ERROR;
				CLANG_WARN_EMPTY_BODY = YES;
				CLANG_WARN_ENUM_CONVERSION = YES;
				CLANG_WARN_INT_CONVERSION = YES;
				CLANG_WARN_OBJC_ROOT_CLASS = YES_ERROR;
				CLANG_WARN_UNREACHABLE_CODE = YES;
				CLANG_WARN__DUPLICATE_METHOD_MATCH = YES;
				"CODE_SIGN_IDENTITY[sdk=iphoneos*]" = "iPhone Developer";
				COPY_PHASE_STRIP = NO;
				ENABLE_STRICT_OBJC_MSGSEND = YES;
				GCC_C_LANGUAGE_STANDARD = gnu99;
				GCC_DYNAMIC_NO_PIC = NO;
				GCC_OPTIMIZATION_LEVEL = 0;
				GCC_PREPROCESSOR_DEFINITIONS = (
					"DEBUG=1",
					"$(inherited)",
				);
				GCC_SYMBOLS_PRIVATE_EXTERN = NO;
				GCC_WARN_64_TO_32_BIT_CONVERSION = YES;
				GCC_WARN_ABOUT_RETURN_TYPE = YES_ERROR;
				GCC_WARN_UNDECLARED_SELECTOR = YES;
				GCC_WARN_UNINITIALIZED_AUTOS = YES_AGGRESSIVE;
				GCC_WARN_UNUSED_FUNCTION = YES;
				GCC_WARN_UNUSED_VARIABLE = YES;
				IPHONEOS_DEPLOYMENT_TARGET = 8.1;
				MTL_ENABLE_DEBUG_INFO = YES;
				ONLY_ACTIVE_ARCH = YES;
				SDKROOT = iphoneos;
				TARGETED_DEVICE_FAMILY = "1,2";
			};
			name = Debug;
		};
		6B22F5E71A9D94C80052A037 /* Release */ = {
			isa = XCBuildConfiguration;
			buildSettings = {
				ALWAYS_SEARCH_USER_PATHS = NO;
				CLANG_CXX_LANGUAGE_STANDARD = "gnu++0x";
				CLANG_CXX_LIBRARY = "libc++";
				CLANG_ENABLE_MODULES = YES;
				CLANG_ENABLE_OBJC_ARC = YES;
				CLANG_WARN_BOOL_CONVERSION = YES;
				CLANG_WARN_CONSTANT_CONVERSION = YES;
				CLANG_WARN_DIRECT_OBJC_ISA_USAGE = YES_ERROR;
				CLANG_WARN_EMPTY_BODY = YES;
				CLANG_WARN_ENUM_CONVERSION = YES;
				CLANG_WARN_INT_CONVERSION = YES;
				CLANG_WARN_OBJC_ROOT_CLASS = YES_ERROR;
				CLANG_WARN_UNREACHABLE_CODE = YES;
				CLANG_WARN__DUPLICATE_METHOD_MATCH = YES;
				"CODE_SIGN_IDENTITY[sdk=iphoneos*]" = "iPhone Developer";
				COPY_PHASE_STRIP = YES;
				ENABLE_NS_ASSERTIONS = NO;
				ENABLE_STRICT_OBJC_MSGSEND = YES;
				GCC_C_LANGUAGE_STANDARD = gnu99;
				GCC_WARN_64_TO_32_BIT_CONVERSION = YES;
				GCC_WARN_ABOUT_RETURN_TYPE = YES_ERROR;
				GCC_WARN_UNDECLARED_SELECTOR = YES;
				GCC_WARN_UNINITIALIZED_AUTOS = YES_AGGRESSIVE;
				GCC_WARN_UNUSED_FUNCTION = YES;
				GCC_WARN_UNUSED_VARIABLE = YES;
				IPHONEOS_DEPLOYMENT_TARGET = 8.1;
				MTL_ENABLE_DEBUG_INFO = NO;
				SDKROOT = iphoneos;
				TARGETED_DEVICE_FAMILY = "1,2";
				VALIDATE_PRODUCT = YES;
			};
			name = Release;
		};
		6B22F5E91A9D94C80052A037 /* Debug */ = {
			isa = XCBuildConfiguration;
			buildSettings = {
				ASSETCATALOG_COMPILER_APPICON_NAME = AppIcon;
				INFOPLIST_FILE = SimpleTest/Info.plist;
				LD_RUNPATH_SEARCH_PATHS = "$(inherited) @executable_path/Frameworks";
				PRODUCT_NAME = "$(TARGET_NAME)";
			};
			name = Debug;
		};
		6B22F5EA1A9D94C80052A037 /* Release */ = {
			isa = XCBuildConfiguration;
			buildSettings = {
				ASSETCATALOG_COMPILER_APPICON_NAME = AppIcon;
				INFOPLIST_FILE = SimpleTest/Info.plist;
				LD_RUNPATH_SEARCH_PATHS = "$(inherited) @executable_path/Frameworks";
				PRODUCT_NAME = "$(TARGET_NAME)";
			};
			name = Release;
		};
/* End XCBuildConfiguration section */

/* Begin XCConfigurationList section */
		29C47E931AE2F91C00AAA4BF /* Build configuration list for PBXNativeTarget "SimpleTestTests" */ = {
			isa = XCConfigurationList;
			buildConfigurations = (
				29C47E941AE2F91C00AAA4BF /* Debug */,
				29C47E951AE2F91C00AAA4BF /* Release */,
			);
			defaultConfigurationIsVisible = 0;
			defaultConfigurationName = Release;
		};
		6B22F5C01A9D94C80052A037 /* Build configuration list for PBXProject "SimpleTest" */ = {
			isa = XCConfigurationList;
			buildConfigurations = (
				6B22F5E61A9D94C80052A037 /* Debug */,
				6B22F5E71A9D94C80052A037 /* Release */,
			);
			defaultConfigurationIsVisible = 0;
			defaultConfigurationName = Release;
		};
		6B22F5E81A9D94C80052A037 /* Build configuration list for PBXNativeTarget "SimpleTest" */ = {
			isa = XCConfigurationList;
			buildConfigurations = (
				6B22F5E91A9D94C80052A037 /* Debug */,
				6B22F5EA1A9D94C80052A037 /* Release */,
			);
			defaultConfigurationIsVisible = 0;
			defaultConfigurationName = Release;
		};
/* End XCConfigurationList section */
	};
	rootObject = 6B22F5BD1A9D94C80052A037 /* Project object */;
}
